// !$*UTF8*$!
{
	archiveVersion = 1;
	classes = {
	};
	objectVersion = 46;
	objects = {

/* Begin PBXBuildFile section */
		421E871D1C07269600D05AEF /* AppDelegate.swift in Sources */ = {isa = PBXBuildFile; fileRef = 421E871C1C07269600D05AEF /* AppDelegate.swift */; };
		421E871F1C07269600D05AEF /* ViewController.swift in Sources */ = {isa = PBXBuildFile; fileRef = 421E871E1C07269600D05AEF /* ViewController.swift */; };
		421E87221C07269600D05AEF /* Main.storyboard in Resources */ = {isa = PBXBuildFile; fileRef = 421E87201C07269600D05AEF /* Main.storyboard */; };
		421E87251C07269600D05AEF /* FingerPrintSample.xcdatamodeld in Sources */ = {isa = PBXBuildFile; fileRef = 421E87231C07269600D05AEF /* FingerPrintSample.xcdatamodeld */; };
		421E87271C07269600D05AEF /* Assets.xcassets in Resources */ = {isa = PBXBuildFile; fileRef = 421E87261C07269600D05AEF /* Assets.xcassets */; };
		421E872A1C07269600D05AEF /* LaunchScreen.storyboard in Resources */ = {isa = PBXBuildFile; fileRef = 421E87281C07269600D05AEF /* LaunchScreen.storyboard */; };
/* End PBXBuildFile section */

/* Begin PBXFileReference section */
		421E87191C07269600D05AEF /* FingerPrintSample.app */ = {isa = PBXFileReference; explicitFileType = wrapper.application; includeInIndex = 0; path = FingerPrintSample.app; sourceTree = BUILT_PRODUCTS_DIR; };
		421E871C1C07269600D05AEF /* AppDelegate.swift */ = {isa = PBXFileReference; lastKnownFileType = sourcecode.swift; path = AppDelegate.swift; sourceTree = "<group>"; };
		421E871E1C07269600D05AEF /* ViewController.swift */ = {isa = PBXFileReference; lastKnownFileType = sourcecode.swift; path = ViewController.swift; sourceTree = "<group>"; };
		421E87211C07269600D05AEF /* Base */ = {isa = PBXFileReference; lastKnownFileType = file.storyboard; name = Base; path = Base.lproj/Main.storyboard; sourceTree = "<group>"; };
		421E87241C07269600D05AEF /* FingerPrintSample.xcdatamodel */ = {isa = PBXFileReference; lastKnownFileType = wrapper.xcdatamodel; path = FingerPrintSample.xcdatamodel; sourceTree = "<group>"; };
		421E87261C07269600D05AEF /* Assets.xcassets */ = {isa = PBXFileReference; lastKnownFileType = folder.assetcatalog; path = Assets.xcassets; sourceTree = "<group>"; };
		421E87291C07269600D05AEF /* Base */ = {isa = PBXFileReference; lastKnownFileType = file.storyboard; name = Base; path = Base.lproj/LaunchScreen.storyboard; sourceTree = "<group>"; };
		421E872B1C07269600D05AEF /* Info.plist */ = {isa = PBXFileReference; lastKnownFileType = text.plist.xml; path = Info.plist; sourceTree = "<group>"; };
/* End PBXFileReference section */

/* Begin PBXFrameworksBuildPhase section */
		421E87161C07269600D05AEF /* Frameworks */ = {
			isa = PBXFrameworksBuildPhase;
			buildActionMask = 2147483647;
			files = (
			);
			runOnlyForDeploymentPostprocessing = 0;
		};
/* End PBXFrameworksBuildPhase section */

/* Begin PBXGroup section */
		421E87101C07269600D05AEF = {
			isa = PBXGroup;
			children = (
				421E871B1C07269600D05AEF /* FingerPrintSample */,
				421E871A1C07269600D05AEF /* Products */,
			);
			sourceTree = "<group>";
		};
		421E871A1C07269600D05AEF /* Products */ = {
			isa = PBXGroup;
			children = (
				421E87191C07269600D05AEF /* FingerPrintSample.app */,
			);
			name = Products;
			sourceTree = "<group>";
		};
		421E871B1C07269600D05AEF /* FingerPrintSample */ = {
			isa = PBXGroup;
			children = (
				421E871C1C07269600D05AEF /* AppDelegate.swift */,
				421E871E1C07269600D05AEF /* ViewController.swift */,
				421E87201C07269600D05AEF /* Main.storyboard */,
				421E87261C07269600D05AEF /* Assets.xcassets */,
				421E87281C07269600D05AEF /* LaunchScreen.storyboard */,
				421E872B1C07269600D05AEF /* Info.plist */,
				421E87231C07269600D05AEF /* FingerPrintSample.xcdatamodeld */,
			);
			path = FingerPrintSample;
			sourceTree = "<group>";
		};
/* End PBXGroup section */

/* Begin PBXNativeTarget section */
		421E87181C07269600D05AEF /* FingerPrintSample */ = {
			isa = PBXNativeTarget;
			buildConfigurationList = 421E872E1C07269600D05AEF /* Build configuration list for PBXNativeTarget "FingerPrintSample" */;
			buildPhases = (
				421E87151C07269600D05AEF /* Sources */,
				421E87161C07269600D05AEF /* Frameworks */,
				421E87171C07269600D05AEF /* Resources */,
			);
			buildRules = (
			);
			dependencies = (
			);
			name = FingerPrintSample;
			productName = FingerPrintSample;
			productReference = 421E87191C07269600D05AEF /* FingerPrintSample.app */;
			productType = "com.apple.product-type.application";
		};
/* End PBXNativeTarget section */

/* Begin PBXProject section */
		421E87111C07269600D05AEF /* Project object */ = {
			isa = PBXProject;
			attributes = {
				LastUpgradeCheck = 0700;
				ORGANIZATIONNAME = Mohsin;
				TargetAttributes = {
					421E87181C07269600D05AEF = {
						CreatedOnToolsVersion = 7.0.1;
					};
				};
			};
			buildConfigurationList = 421E87141C07269600D05AEF /* Build configuration list for PBXProject "FingerPrintSample" */;
			compatibilityVersion = "Xcode 3.2";
			developmentRegion = English;
			hasScannedForEncodings = 0;
			knownRegions = (
				en,
				Base,
			);
			mainGroup = 421E87101C07269600D05AEF;
			productRefGroup = 421E871A1C07269600D05AEF /* Products */;
			projectDirPath = "";
			projectRoot = "";
			targets = (
				421E87181C07269600D05AEF /* FingerPrintSample */,
			);
		};
/* End PBXProject section */

/* Begin PBXResourcesBuildPhase section */
		421E87171C07269600D05AEF /* Resources */ = {
			isa = PBXResourcesBuildPhase;
			buildActionMask = 2147483647;
			files = (
				421E872A1C07269600D05AEF /* LaunchScreen.storyboard in Resources */,
				421E87271C07269600D05AEF /* Assets.xcassets in Resources */,
				421E87221C07269600D05AEF /* Main.storyboard in Resources */,
			);
			runOnlyForDeploymentPostprocessing = 0;
		};
/* End PBXResourcesBuildPhase section */

/* Begin PBXSourcesBuildPhase section */
		421E87151C07269600D05AEF /* Sources */ = {
			isa = PBXSourcesBuildPhase;
			buildActionMask = 2147483647;
			files = (
				421E871F1C07269600D05AEF /* ViewController.swift in Sources */,
				421E87251C07269600D05AEF /* FingerPrintSample.xcdatamodeld in Sources */,
				421E871D1C07269600D05AEF /* AppDelegate.swift in Sources */,
			);
			runOnlyForDeploymentPostprocessing = 0;
		};
/* End PBXSourcesBuildPhase section */

/* Begin PBXVariantGroup section */
		421E87201C07269600D05AEF /* Main.storyboard */ = {
			isa = PBXVariantGroup;
			children = (
				421E87211C07269600D05AEF /* Base */,
			);
			name = Main.storyboard;
			sourceTree = "<group>";
		};
		421E87281C07269600D05AEF /* LaunchScreen.storyboard */ = {
			isa = PBXVariantGroup;
			children = (
				421E87291C07269600D05AEF /* Base */,
			);
			name = LaunchScreen.storyboard;
			sourceTree = "<group>";
		};
/* End PBXVariantGroup section */

/* Begin XCBuildConfiguration section */
		421E872C1C07269600D05AEF /* Debug */ = {
			isa = XCBuildConfiguration;
			buildSettings = {
				ALWAYS_SEARCH_USER_PATHS = NO;
				CLANG_CXX_LANGUAGE_STANDARD = "gnu++0x";
				CLANG_CXX_LIBRARY = "libc++";
				CLANG_ENABLE_MODULES = YES;
				CLANG_ENABLE_OBJC_ARC = YES;
				CLANG_WARN_BOOL_CONVERSION = YES;
				CLANG_WARN_CONSTANT_CONVERSION = YES;
				CLANG_WARN_DIRECT_OBJC_ISA_USAGE = YES_ERROR;
				CLANG_WARN_EMPTY_BODY = YES;
				CLANG_WARN_ENUM_CONVERSION = YES;
				CLANG_WARN_INT_CONVERSION = YES;
				CLANG_WARN_OBJC_ROOT_CLASS = YES_ERROR;
				CLANG_WARN_UNREACHABLE_CODE = YES;
				CLANG_WARN__DUPLICATE_METHOD_MATCH = YES;
				"CODE_SIGN_IDENTITY[sdk=iphoneos*]" = "iPhone Developer";
				COPY_PHASE_STRIP = NO;
				DEBUG_INFORMATION_FORMAT = dwarf;
				ENABLE_STRICT_OBJC_MSGSEND = YES;
				ENABLE_TESTABILITY = YES;
				GCC_C_LANGUAGE_STANDARD = gnu99;
				GCC_DYNAMIC_NO_PIC = NO;
				GCC_NO_COMMON_BLOCKS = YES;
				GCC_OPTIMIZATION_LEVEL = 0;
				GCC_PREPROCESSOR_DEFINITIONS = (
					"DEBUG=1",
					"$(inherited)",
				);
				GCC_WARN_64_TO_32_BIT_CONVERSION = YES;
				GCC_WARN_ABOUT_RETURN_TYPE = YES_ERROR;
				GCC_WARN_UNDECLARED_SELECTOR = YES;
				GCC_WARN_UNINITIALIZED_AUTOS = YES_AGGRESSIVE;
				GCC_WARN_UNUSED_FUNCTION = YES;
				GCC_WARN_UNUSED_VARIABLE = YES;
				IPHONEOS_DEPLOYMENT_TARGET = 9.0;
				MTL_ENABLE_DEBUG_INFO = YES;
				ONLY_ACTIVE_ARCH = YES;
				SDKROOT = iphoneos;
				SWIFT_OPTIMIZATION_LEVEL = "-Onone";
			};
			name = Debug;
		};
		421E872D1C07269600D05AEF /* Release */ = {
			isa = XCBuildConfiguration;
			buildSettings = {
				ALWAYS_SEARCH_USER_PATHS = NO;
				CLANG_CXX_LANGUAGE_STANDARD = "gnu++0x";
				CLANG_CXX_LIBRARY = "libc++";
				CLANG_ENABLE_MODULES = YES;
				CLANG_ENABLE_OBJC_ARC = YES;
				CLANG_WARN_BOOL_CONVERSION = YES;
				CLANG_WARN_CONSTANT_CONVERSION = YES;
				CLANG_WARN_DIRECT_OBJC_ISA_USAGE = YES_ERROR;
				CLANG_WARN_EMPTY_BODY = YES;
				CLANG_WARN_ENUM_CONVERSION = YES;
				CLANG_WARN_INT_CONVERSION = YES;
				CLANG_WARN_OBJC_ROOT_CLASS = YES_ERROR;
				CLANG_WARN_UNREACHABLE_CODE = YES;
				CLANG_WARN__DUPLICATE_METHOD_MATCH = YES;
				"CODE_SIGN_IDENTITY[sdk=iphoneos*]" = "iPhone Developer";
				COPY_PHASE_STRIP = NO;
				DEBUG_INFORMATION_FORMAT = "dwarf-with-dsym";
				ENABLE_NS_ASSERTIONS = NO;
				ENABLE_STRICT_OBJC_MSGSEND = YES;
				GCC_C_LANGUAGE_STANDARD = gnu99;
				GCC_NO_COMMON_BLOCKS = YES;
				GCC_WARN_64_TO_32_BIT_CONVERSION = YES;
				GCC_WARN_ABOUT_RETURN_TYPE = YES_ERROR;
				GCC_WARN_UNDECLARED_SELECTOR = YES;
				GCC_WARN_UNINITIALIZED_AUTOS = YES_AGGRESSIVE;
				GCC_WARN_UNUSED_FUNCTION = YES;
				GCC_WARN_UNUSED_VARIABLE = YES;
				IPHONEOS_DEPLOYMENT_TARGET = 9.0;
				MTL_ENABLE_DEBUG_INFO = NO;
				SDKROOT = iphoneos;
				VALIDATE_PRODUCT = YES;
			};
			name = Release;
		};
		421E872F1C07269600D05AEF /* Debug */ = {
			isa = XCBuildConfiguration;
			buildSettings = {
				ASSETCATALOG_COMPILER_APPICON_NAME = AppIcon;
				INFOPLIST_FILE = FingerPrintSample/Info.plist;
				LD_RUNPATH_SEARCH_PATHS = "$(inherited) @executable_path/Frameworks";
				PRODUCT_BUNDLE_IDENTIFIER = com.FingerPrintSample;
				PRODUCT_NAME = "$(TARGET_NAME)";
			};
			name = Debug;
		};
		421E87301C07269600D05AEF /* Release */ = {
			isa = XCBuildConfiguration;
			buildSettings = {
				ASSETCATALOG_COMPILER_APPICON_NAME = AppIcon;
				INFOPLIST_FILE = FingerPrintSample/Info.plist;
				LD_RUNPATH_SEARCH_PATHS = "$(inherited) @executable_path/Frameworks";
				PRODUCT_BUNDLE_IDENTIFIER = com.FingerPrintSample;
				PRODUCT_NAME = "$(TARGET_NAME)";
			};
			name = Release;
		};
/* End XCBuildConfiguration section */

/* Begin XCConfigurationList section */
		421E87141C07269600D05AEF /* Build configuration list for PBXProject "FingerPrintSample" */ = {
			isa = XCConfigurationList;
			buildConfigurations = (
				421E872C1C07269600D05AEF /* Debug */,
				421E872D1C07269600D05AEF /* Release */,
			);
			defaultConfigurationIsVisible = 0;
			defaultConfigurationName = Release;
		};
		421E872E1C07269600D05AEF /* Build configuration list for PBXNativeTarget "FingerPrintSample" */ = {
			isa = XCConfigurationList;
			buildConfigurations = (
				421E872F1C07269600D05AEF /* Debug */,
				421E87301C07269600D05AEF /* Release */,
			);
			defaultConfigurationIsVisible = 0;
		};
/* End XCConfigurationList section */

/* Begin XCVersionGroup section */
		421E87231C07269600D05AEF /* FingerPrintSample.xcdatamodeld */ = {
			isa = XCVersionGroup;
			children = (
				421E87241C07269600D05AEF /* FingerPrintSample.xcdatamodel */,
			);
			currentVersion = 421E87241C07269600D05AEF /* FingerPrintSample.xcdatamodel */;
			path = FingerPrintSample.xcdatamodeld;
			sourceTree = "<group>";
			versionGroupType = wrapper.xcdatamodel;
		};
/* End XCVersionGroup section */
	};
	rootObject = 421E87111C07269600D05AEF /* Project object */;
}
